
Microsoft Visual Studio Solution File, Format Version 12.00
# Visual Studio Version 17
VisualStudioVersion = 17.7.34024.191
MinimumVisualStudioVersion = 10.0.40219.1
Project("{2150E333-8FDC-42A3-9474-1A3956D46DE8}") = "BackOffice", "BackOffice", "{AFF93CF0-DFE7-4F47-A48A-8BFA3E9508E9}"
EndProject
Project("{9A19103F-16F7-4668-BE54-9A1E7A4F7556}") = "BackOffice.Server", "BackOffice\Server\BackOffice.Server.csproj", "{C1EA12FF-1A60-4495-8624-2629AC2C83F0}"
	ProjectSection(ProjectDependencies) = postProject
		{B8596612-E261-49FF-B99F-E9E0CCD7C1BC} = {B8596612-E261-49FF-B99F-E9E0CCD7C1BC}
	EndProjectSection
EndProject
Project("{9A19103F-16F7-4668-BE54-9A1E7A4F7556}") = "BackOffice.Client", "BackOffice\Client\BackOffice.Client.csproj", "{633DC387-C494-4A5B-9146-4342BEBB1743}"
EndProject
Project("{9A19103F-16F7-4668-BE54-9A1E7A4F7556}") = "BackOffice.Shared", "BackOffice\Shared\BackOffice.Shared.csproj", "{F902485D-BBFD-4624-8235-70A08DF36085}"
EndProject
Project("{2150E333-8FDC-42A3-9474-1A3956D46DE8}") = "Shared", "Shared", "{ABFCF169-412B-4F1F-80E7-B32870283FA3}"
EndProject
Project("{2150E333-8FDC-42A3-9474-1A3956D46DE8}") = "Data", "Data", "{FFFF2AF4-6C7C-4916-AEE1-AB578D4F81BF}"
EndProject
Project("{9A19103F-16F7-4668-BE54-9A1E7A4F7556}") = "Persistance", "Persistance\Persistance.csproj", "{B8596612-E261-49FF-B99F-E9E0CCD7C1BC}"
EndProject
Project("{9A19103F-16F7-4668-BE54-9A1E7A4F7556}") = "Migrator", "Migrator\Migrator.csproj", "{F5E29DE5-0DD9-43C2-9147-81EBCF157B9F}"
	ProjectSection(ProjectDependencies) = postProject
		{B8596612-E261-49FF-B99F-E9E0CCD7C1BC} = {B8596612-E261-49FF-B99F-E9E0CCD7C1BC}
	EndProjectSection
EndProject
Project("{2150E333-8FDC-42A3-9474-1A3956D46DE8}") = "Common", "Common", "{A55B8B09-B6AE-4FA4-95FD-0FB766919F15}"
EndProject
Project("{9A19103F-16F7-4668-BE54-9A1E7A4F7556}") = "SharedData", "SharedData\SharedData.csproj", "{9D0CE8B5-150A-408B-9533-36C5A47FD85B}"
EndProject
Project("{2150E333-8FDC-42A3-9474-1A3956D46DE8}") = "FrontOffice", "FrontOffice", "{E297BC28-E9E3-4856-87EF-63E7F01C6E43}"
EndProject
Project("{FAE04EC0-301F-11D3-BF4B-00C04F79EFBC}") = "FrontOffice.Server", "FrontOffice\Server\FrontOffice.Server.csproj", "{A37A6D78-C5C3-436A-BFFD-D381C1300AF4}"
EndProject
Project("{FAE04EC0-301F-11D3-BF4B-00C04F79EFBC}") = "FrontOffice.Client", "FrontOffice\Client\FrontOffice.Client.csproj", "{CFEA0EDB-7056-4606-8A15-EB18A1401B1E}"
EndProject
Project("{FAE04EC0-301F-11D3-BF4B-00C04F79EFBC}") = "FrontOffice.Shared", "FrontOffice\Shared\FrontOffice.Shared.csproj", "{F5E457B0-6415-4017-A29B-2650D18B3740}"
EndProject
Global
	GlobalSection(SolutionConfigurationPlatforms) = preSolution
		Debug|Any CPU = Debug|Any CPU
		Release|Any CPU = Release|Any CPU
	EndGlobalSection
	GlobalSection(ProjectConfigurationPlatforms) = postSolution
		{C1EA12FF-1A60-4495-8624-2629AC2C83F0}.Debug|Any CPU.ActiveCfg = Debug|Any CPU
		{C1EA12FF-1A60-4495-8624-2629AC2C83F0}.Debug|Any CPU.Build.0 = Debug|Any CPU
		{C1EA12FF-1A60-4495-8624-2629AC2C83F0}.Release|Any CPU.ActiveCfg = Release|Any CPU
		{C1EA12FF-1A60-4495-8624-2629AC2C83F0}.Release|Any CPU.Build.0 = Release|Any CPU
		{633DC387-C494-4A5B-9146-4342BEBB1743}.Debug|Any CPU.ActiveCfg = Debug|Any CPU
		{633DC387-C494-4A5B-9146-4342BEBB1743}.Debug|Any CPU.Build.0 = Debug|Any CPU
		{633DC387-C494-4A5B-9146-4342BEBB1743}.Release|Any CPU.ActiveCfg = Release|Any CPU
		{633DC387-C494-4A5B-9146-4342BEBB1743}.Release|Any CPU.Build.0 = Release|Any CPU
		{F902485D-BBFD-4624-8235-70A08DF36085}.Debug|Any CPU.ActiveCfg = Debug|Any CPU
		{F902485D-BBFD-4624-8235-70A08DF36085}.Debug|Any CPU.Build.0 = Debug|Any CPU
		{F902485D-BBFD-4624-8235-70A08DF36085}.Release|Any CPU.ActiveCfg = Release|Any CPU
		{F902485D-BBFD-4624-8235-70A08DF36085}.Release|Any CPU.Build.0 = Release|Any CPU
		{B8596612-E261-49FF-B99F-E9E0CCD7C1BC}.Debug|Any CPU.ActiveCfg = Debug|Any CPU
		{B8596612-E261-49FF-B99F-E9E0CCD7C1BC}.Debug|Any CPU.Build.0 = Debug|Any CPU
		{B8596612-E261-49FF-B99F-E9E0CCD7C1BC}.Release|Any CPU.ActiveCfg = Release|Any CPU
		{B8596612-E261-49FF-B99F-E9E0CCD7C1BC}.Release|Any CPU.Build.0 = Release|Any CPU
		{F5E29DE5-0DD9-43C2-9147-81EBCF157B9F}.Debug|Any CPU.ActiveCfg = Debug|Any CPU
		{F5E29DE5-0DD9-43C2-9147-81EBCF157B9F}.Debug|Any CPU.Build.0 = Debug|Any CPU
		{F5E29DE5-0DD9-43C2-9147-81EBCF157B9F}.Release|Any CPU.ActiveCfg = Release|Any CPU
		{F5E29DE5-0DD9-43C2-9147-81EBCF157B9F}.Release|Any CPU.Build.0 = Release|Any CPU
		{9D0CE8B5-150A-408B-9533-36C5A47FD85B}.Debug|Any CPU.ActiveCfg = Debug|Any CPU
		{9D0CE8B5-150A-408B-9533-36C5A47FD85B}.Debug|Any CPU.Build.0 = Debug|Any CPU
		{9D0CE8B5-150A-408B-9533-36C5A47FD85B}.Release|Any CPU.ActiveCfg = Release|Any CPU
		{9D0CE8B5-150A-408B-9533-36C5A47FD85B}.Release|Any CPU.Build.0 = Release|Any CPU
		{A37A6D78-C5C3-436A-BFFD-D381C1300AF4}.Debug|Any CPU.ActiveCfg = Debug|Any CPU
		{A37A6D78-C5C3-436A-BFFD-D381C1300AF4}.Debug|Any CPU.Build.0 = Debug|Any CPU
		{A37A6D78-C5C3-436A-BFFD-D381C1300AF4}.Release|Any CPU.ActiveCfg = Release|Any CPU
		{A37A6D78-C5C3-436A-BFFD-D381C1300AF4}.Release|Any CPU.Build.0 = Release|Any CPU
		{CFEA0EDB-7056-4606-8A15-EB18A1401B1E}.Debug|Any CPU.ActiveCfg = Debug|Any CPU
		{CFEA0EDB-7056-4606-8A15-EB18A1401B1E}.Debug|Any CPU.Build.0 = Debug|Any CPU
		{CFEA0EDB-7056-4606-8A15-EB18A1401B1E}.Release|Any CPU.ActiveCfg = Release|Any CPU
		{CFEA0EDB-7056-4606-8A15-EB18A1401B1E}.Release|Any CPU.Build.0 = Release|Any CPU
		{F5E457B0-6415-4017-A29B-2650D18B3740}.Debug|Any CPU.ActiveCfg = Debug|Any CPU
		{F5E457B0-6415-4017-A29B-2650D18B3740}.Debug|Any CPU.Build.0 = Debug|Any CPU
		{F5E457B0-6415-4017-A29B-2650D18B3740}.Release|Any CPU.ActiveCfg = Release|Any CPU
		{F5E457B0-6415-4017-A29B-2650D18B3740}.Release|Any CPU.Build.0 = Release|Any CPU
	EndGlobalSection
	GlobalSection(SolutionProperties) = preSolution
		HideSolutionNode = FALSE
	EndGlobalSection
	GlobalSection(NestedProjects) = preSolution
		{C1EA12FF-1A60-4495-8624-2629AC2C83F0} = {AFF93CF0-DFE7-4F47-A48A-8BFA3E9508E9}
		{633DC387-C494-4A5B-9146-4342BEBB1743} = {AFF93CF0-DFE7-4F47-A48A-8BFA3E9508E9}
		{F902485D-BBFD-4624-8235-70A08DF36085} = {AFF93CF0-DFE7-4F47-A48A-8BFA3E9508E9}
		{FFFF2AF4-6C7C-4916-AEE1-AB578D4F81BF} = {ABFCF169-412B-4F1F-80E7-B32870283FA3}
		{B8596612-E261-49FF-B99F-E9E0CCD7C1BC} = {FFFF2AF4-6C7C-4916-AEE1-AB578D4F81BF}
		{F5E29DE5-0DD9-43C2-9147-81EBCF157B9F} = {FFFF2AF4-6C7C-4916-AEE1-AB578D4F81BF}
		{A55B8B09-B6AE-4FA4-95FD-0FB766919F15} = {ABFCF169-412B-4F1F-80E7-B32870283FA3}
		{9D0CE8B5-150A-408B-9533-36C5A47FD85B} = {A55B8B09-B6AE-4FA4-95FD-0FB766919F15}
		{A37A6D78-C5C3-436A-BFFD-D381C1300AF4} = {E297BC28-E9E3-4856-87EF-63E7F01C6E43}
		{CFEA0EDB-7056-4606-8A15-EB18A1401B1E} = {E297BC28-E9E3-4856-87EF-63E7F01C6E43}
		{F5E457B0-6415-4017-A29B-2650D18B3740} = {E297BC28-E9E3-4856-87EF-63E7F01C6E43}
	EndGlobalSection
	GlobalSection(ExtensibilityGlobals) = postSolution
		SolutionGuid = {B3927BB7-6FAF-400A-86F8-9853C824C017}
	EndGlobalSection
EndGlobal
